
Microsoft Visual Studio Solution File, Format Version 12.00
# Visual Studio 14
VisualStudioVersion = 14.0.25420.1
MinimumVisualStudioVersion = 10.0.40219.1
Project("{FAE04EC0-301F-11D3-BF4B-00C04F79EFBC}") = "MSBuildTest", "MSBuildTest\MSBuildTest.csproj", "{D74EECB6-A695-48F0-B394-6CE026D9115F}"
EndProject
Global
	GlobalSection(SolutionConfigurationPlatforms) = preSolution
		Debug|Any CPU = Debug|Any CPU
		Release|Any CPU = Release|Any CPU
	EndGlobalSection
	GlobalSection(ProjectConfigurationPlatforms) = postSolution
		{D74EECB6-A695-48F0-B394-6CE026D9115F}.Debug|Any CPU.ActiveCfg = Debug|Any CPU
		{D74EECB6-A695-48F0-B394-6CE026D9115F}.Debug|Any CPU.Build.0 = Debug|Any CPU
		{D74EECB6-A695-48F0-B394-6CE026D9115F}.Release|Any CPU.ActiveCfg = Release|Any CPU
		{D74EECB6-A695-48F0-B394-6CE026D9115F}.Release|Any CPU.Build.0 = Release|Any CPU
	EndGlobalSection
	GlobalSection(SolutionProperties) = preSolution
		HideSolutionNode = FALSE
	EndGlobalSection
EndGlobal
